github.com/dnb-org/blocks/bootstrap v1.0.14 h1:e0fGi1YEI+uLLJK1d75Jcl7J760sUIeg+Zr+bPey5Xs=
github.com/dnb-org/blocks/bootstrap v1.0.14/go.mod h1:wHbDTseGIeMLKrw99U19x5MO1u1n07yvIm+3CYGx8QM=
github.com/dnb-org/components/functions v1.0.24/go.mod h1:64TRuURsUFIlUqAOEgwGQmrjLbv6XOxGnl9cpBAdvg0=
github.com/dnb-org/components/functions v1.0.25/go.mod h1:64TRuURsUFIlUqAOEgwGQmrjLbv6XOxGnl9cpBAdvg0=
github.com/dnb-org/components/functions v1.0.30 h1:S4XJqvSQa9VLUPgMQnJcmE8pKcX8U+7FPVcLTk5BePI=
github.com/dnb-org/components/functions v1.0.30/go.mod h1:tMbnIU5Q/s6RGEsb0dhWPQRYu3W91mZPjNaMMzHcPuA=
github.com/dnb-org/components/opensearch v1.0.2 h1:1oeFn8WCnGELcp9NhMi/91OwQYvGV17MDJy1WSWiL7M=
github.com/dnb-org/components/opensearch v1.0.2/go.mod h1:njg6EUuNlbY4SbhPqXy+3E6Gebn/EwWo/UKws1Ea1mQ=
github.com/dnb-org/components/pwa v1.1.10 h1:YtcGoJVKshhUNrRBIf3a9ovp0AkF5I0fRj9NX6kTmqk=
github.com/dnb-org/components/pwa v1.1.10/go.mod h1:CFQcXPctmx31TAC9TEEUVeJ73kZfPQ8vlFpnvuGIuOM=
github.com/dnb-org/components/renderhooks v1.0.11 h1:O0m5hjIdGg6o/TRsNMsiQzmOlXY6EfkVdVU05gJrVHI=
github.com/dnb-org/components/renderhooks v1.0.11/go.mod h1:KO1DI9x5FReibb7cyZfw8AOnfUch+K527Ueb74/6qVo=
github.com/dnb-org/components/robots v1.0.7 h1:hmbkuDTFEOt+w64FNevc7wLGdN259DBNoyNmxtiuIcU=
github.com/dnb-org/components/robots v1.0.7/go.mod h1:PxD4N72CrRenIqfdHHy4iGyITPaxgYJvoE9A+iwUh8Y=
github.com/dnb-org/components/sitemap v1.0.6 h1:QFsrwjUZQlNXMuRNaQt3ae/4U8mS8jty9cefkSUROMk=
github.com/dnb-org/components/sitemap v1.0.6/go.mod h1:1Ta+/rNe3CqycFdWqyW1wkm8Shla+hF8KaeNEjgYw8I=
github.com/dnb-org/components/social v0.0.6 h1:/Slej7Ogv6+r07DW7J0ZhXDg8rpNkJ4XY1boOMa7cqg=
github.com/dnb-org/components/social v0.0.6/go.mod h1:ddMwargXmdMt1fAhfSKdJAGuUUBFUD3Qb9yzgojDjas=
github.com/dnb-org/debugprint v1.0.14 h1:q8/sO0slKTdHCUpKQ7ds3CYxW+Quq8OENT6mtUkPlEk=
github.com/dnb-org/debugprint v1.0.14/go.mod h1:YMvTiP34ADcKHOtCpjeIuzfDyXrh0mSKvfjVt/WXpLM=
github.com/dnb-org/hooks v1.0.4 h1:d29tDBFo8MzKMkIJljCapopVieY86cyVUIOeh9m7Qw8=
github.com/dnb-org/hooks v1.0.4/go.mod h1:0Knb+ubhco4/RCTXlrZoVQ11YsQ/IbBP39GYV3HeZSU=
github.com/dnb-org/libraries/bootstrap5 v0.0.0-20210517140934-5a2b8f5907fb h1:5Eiqv63jEfEGOB9mYsyJkKBgDvyQij9vsLuTUpHce7c=
github.com/dnb-org/libraries/bootstrap5 v0.0.0-20210517140934-5a2b8f5907fb/go.mod h1:rgW0mIf5h2dFNZb+tAQMjgf0RlYKnLe2AHcICuGzj04=
github.com/dnb-org/libraries/bootstrap5/v2 v2.1.4 h1:bBqJfH6rl2ZQclDjkqcoNEAUDie6L6ho7D4xFOeAr0Q=
github.com/dnb-org/libraries/bootstrap5/v2 v2.1.4/go.mod h1:jxpUlRvKuM4Lbxv26Ztlk4et5fptgfGlDYY265uMY1A=
github.com/twbs/bootstrap v5.0.1+incompatible h1:XW1ZMrcg2ZTTQFKtE/i5HUagYsAao/hqfN30dJeBpVk=
github.com/twbs/bootstrap v5.0.1+incompatible/go.mod h1:fZTSrkpSf0/HkL0IIJzvVspTt1r9zuf7XlZau8kpcY0=
github.com/twbs/icons v1.5.0 h1:mFxEKeYHAaWdtp6mQiKct8biCqCO2G87EAhF3skpRvU=
github.com/twbs/icons v1.5.0/go.mod h1:GnRlymgVWp5iVJCMa0Me5b6tFyGpVc2bSxPMRGIJmyA=
