github.com/csswizardry/ct v0.0.0-20210921141612-1f0a063ceb7e/go.mod h1:OG5Jqzdk8/OaniOKZRA9w8agzQBskTkDYFCfDjwuz1A=
github.com/dnb-org/dnb-hugo-auditor v0.0.4 h1:2oG+ZCGYNwPi5UrR9tglrwpTj9N5iiVmLMRxuO8ec8w=
github.com/dnb-org/dnb-hugo-auditor v0.0.4/go.mod h1:XWE5TwHhyPD0oOYqDjULpphIiMC0a+8+2ijfZfEemFk=
github.com/dnb-org/dnb-hugo-debug v1.4.3 h1:LbSxXq624VWkFEtoMJBaLuH7cXvZIXRYzzP6xiS4o2o=
github.com/dnb-org/dnb-hugo-debug v1.4.3/go.mod h1:NWi/VpUDXC2GU5TLM7UEjL7HPT2WmgHgoURHTCVzTho=
github.com/dnb-org/dnb-hugo-functions v1.0.2/go.mod h1:bTX/w1EzpOQYB+XOcInG/k/zPK8/pj7P2OuQNTXnp5g=
github.com/dnb-org/dnb-hugo-functions v1.0.6/go.mod h1:bTX/w1EzpOQYB+XOcInG/k/zPK8/pj7P2OuQNTXnp5g=
github.com/dnb-org/dnb-hugo-functions v1.0.7 h1:odQcI3oTzW7c1DSa0Gz4WFjSu8rQVYoUsQA0WsmuHjE=
github.com/dnb-org/dnb-hugo-functions v1.0.7/go.mod h1:bTX/w1EzpOQYB+XOcInG/k/zPK8/pj7P2OuQNTXnp5g=
github.com/dnb-org/dnb-hugo-hooks v1.1.0 h1:dmVi19eea7VytVKEK+Hkgzncon7rmWolHVFqjMKHwCA=
github.com/dnb-org/dnb-hugo-hooks v1.1.0/go.mod h1:mWy5sE8Jqhg6YeNkAC5LUBI1iaNXyAtpmqsJmcr6JFo=
github.com/dnb-org/dnb-hugo-icons v1.1.4/go.mod h1:U5HN9EgCG9CfgtQs/47m3rPtWwkaiJ1Cm9OvtR8YM+c=
github.com/dnb-org/dnb-hugo-netlification v1.0.4 h1:nv+Bfvlb7L7MuX5S4oqMAgbtXgzK/2eUQtv0vaEZiLg=
github.com/dnb-org/dnb-hugo-netlification v1.0.4/go.mod h1:U5IMFMLbYFf3OgsDkEP/DWjvlNcMabJtEZSBkwc1U38=
github.com/dnb-org/dnb-hugo-opensearch v0.0.2 h1:xr0j4/lVXEMslxYH0KGdd+JMd4CYWz/k9cXCWGMpffc=
github.com/dnb-org/dnb-hugo-opensearch v0.0.2/go.mod h1:E0wsVgFRTWWfMvRlMoTlP2ONBCg9CEUl3AXYoYWE5jk=
github.com/dnb-org/dnb-hugo-pwa v0.1.4 h1:LuSsjeGc/7VQElYkgxrWR5GvO5atv3P7VvlmRCKNFQM=
github.com/dnb-org/dnb-hugo-pwa v0.1.4/go.mod h1:7a5eHLbv1DBEEaSTzY6vPZjhyP7EQ5YdnLDQ3fi0IvU=
github.com/dnb-org/dnb-hugo-robots v1.0.5 h1:hm8e4EQNkiKspi1npioMLrqeR1nnFBhJsD4U9jeoYUQ=
github.com/dnb-org/dnb-hugo-robots v1.0.5/go.mod h1:4ONnwyPFv29xqs0h89VnUHaVBmDct7WBPmcwAH7J9gI=
github.com/dnb-org/dnb-hugo-security v1.0.3 h1:lq4+XeLyw1lCnwy95zKYpxSkrYDA5uBIGfx7rLf7IZc=
github.com/dnb-org/dnb-hugo-security v1.0.3/go.mod h1:JqWX81rIw1+WStFZBY0J9FfcBFwBI7P/5aJLaDueGv4=
github.com/dnb-org/dnb-hugo-sitemap v0.0.2 h1:COCJ7UpW+AMxKjjNJGkflGcG353zGRjR0gywki+AMr0=
github.com/dnb-org/dnb-hugo-sitemap v0.0.2/go.mod h1:VxMcmcfV6ulDhKdbEFUIjGE/O5GUFYCkqXMvm27/hWM=
github.com/dnb-org/dnb-hugo-social v0.0.12 h1:/bt8rz57soZPGzn3Pcvo77CdyPyr2qlK8haIiAyyFz0=
github.com/dnb-org/dnb-hugo-social v0.0.12/go.mod h1:gtSWJU0FkkFTQlDy0BPdlC3XIm1Z3xbh8d2/wPc3fyg=
github.com/dnb-org/libraries/heroicons v1.0.3 h1:HIMctgGhctWjOU1JK1DtetjdIXhjABN3Cun65Kppuv4=
github.com/dnb-org/libraries/heroicons v1.0.3/go.mod h1:eGLho1QH6BtWicXfclCNSSRsaGYuQ++yaW2f6fhKk6Y=
github.com/dnb-org/shortcodes/pictures v0.0.12 h1:sw2nxURdIreZqkSOdDahppyffR1f80mRhUs6jlZDGrY=
github.com/dnb-org/shortcodes/pictures v0.0.12/go.mod h1:lzda/swoLiTpsOxJ0OsKUtXP3FMpl/x/OWQ6Nds1ipQ=
github.com/dnb-org/shortcodes/youtube v1.4.16 h1:srA1K+TW/Yd8IxvQPN4uARDLMd8m2zS78oi5Sa/IG3Q=
github.com/dnb-org/shortcodes/youtube v1.4.16/go.mod h1:zuuEmKods4+g66Q0CI4zJ6R716ZNs29ZkPfCJnrlKA8=
github.com/paulirish/lite-youtube-embed v0.2.0/go.mod h1:9nuUWCzbFF/vvl3ClpZ1KsYFi/hlKjVOkmG8E+nsGDY=
github.com/tailwindlabs/heroicons v1.0.3/go.mod h1:2SHGOdw86jviBkoeQINcTfkzAAao9dciip4RsMS9xIg=
github.com/tailwindlabs/heroicons v1.0.5/go.mod h1:2SHGOdw86jviBkoeQINcTfkzAAao9dciip4RsMS9xIg=
github.com/twbs/icons v1.8.1/go.mod h1:GnRlymgVWp5iVJCMa0Me5b6tFyGpVc2bSxPMRGIJmyA=
