github.com/date-fns/date-fns v2.16.1+incompatible h1:MhC76uGURHPWnZhfKDJs+ckojxxKwAFd3D/7VN3NQKo=
github.com/date-fns/date-fns v2.16.1+incompatible/go.mod h1:+ryiPUdf29FTxQJUxCwq0ip75zSWtk43q+htSAQLdFU=
github.com/davidsneighbour/davids-neighbour.com-fonts v1.0.0 h1:mHvguGUjrDKki6yQp3NLrGfrqLyaqTJ6u5M2izfLSl0=
github.com/davidsneighbour/davids-neighbour.com-fonts v1.0.0/go.mod h1:680TDVnQnL4XhdkWlEEzqBt/9hk+WIg+E7A2onp8zhM=
github.com/davidsneighbour/dnb-hugo-libs/bootstrap5 v0.0.0-20201016123226-6f897438c5ad h1:ebreSvH0d9M6QKMtp/DUXqBnCKEiy9NUke7zD5E/FVU=
github.com/davidsneighbour/dnb-hugo-libs/bootstrap5 v0.0.0-20201016123226-6f897438c5ad/go.mod h1:Hj1D7+enhgW1rqbGKjFepSQOhwIfRCXHv93Xqg9+Szc=
github.com/davidsneighbour/dnb-hugo/packages/netlification v0.0.0-20201013152246-79b55c3f925c h1:nfx8tNKbk/kI0R0qgKS5MhPhS871EFjNMlayPERZxgc=
github.com/davidsneighbour/dnb-hugo/packages/netlification v0.0.0-20201013152246-79b55c3f925c/go.mod h1:+HP3OEPe40Z3qwLDa/nRrt782iM4RSKbRg8uUxPhxV4=
github.com/davidsneighbour/dnb-hugo/packages/robots v0.0.0-20201013152246-79b55c3f925c h1:IhIAH/E7YirqGaDiSoN2l/z1COf8OR71PGT9b6mTEEk=
github.com/davidsneighbour/dnb-hugo/packages/robots v0.0.0-20201013152246-79b55c3f925c/go.mod h1:tr3+fxwaaa02abeJUYLo80vYPFyrLDEN+5tMgFzYMQY=
github.com/davidsneighbour/dnb-hugo/packages/shortcodes v0.0.0-20201013152246-79b55c3f925c h1:QHt3e0lCMhRRMt86g4BzfOh61gtEFNQ1nbNpAZdeivc=
github.com/davidsneighbour/dnb-hugo/packages/shortcodes v0.0.0-20201013152246-79b55c3f925c/go.mod h1:Iwlx/MKzL1/FMxMUqqivYOGU7C1oxaezBcZxdCY+KI4=
github.com/twbs/bootstrap v5.0.0-alpha2+incompatible/go.mod h1:fZTSrkpSf0/HkL0IIJzvVspTt1r9zuf7XlZau8kpcY0=
